
Microsoft Visual Studio Solution File, Format Version 12.00
# Visual Studio Version 16
VisualStudioVersion = 16.0.30011.22
MinimumVisualStudioVersion = 10.0.40219.1
Project("{FAE04EC0-301F-11D3-BF4B-00C04F79EFBC}") = "Worldyachts", "Worldyachts\Worldyachts.csproj", "{9A8DB65C-2A8F-4B2C-AFF8-E68D5698EECB}"
EndProject
Global
	GlobalSection(SolutionConfigurationPlatforms) = preSolution
		Debug|Any CPU = Debug|Any CPU
		Release|Any CPU = Release|Any CPU
	EndGlobalSection
	GlobalSection(ProjectConfigurationPlatforms) = postSolution
		{9A8DB65C-2A8F-4B2C-AFF8-E68D5698EECB}.Debug|Any CPU.ActiveCfg = Debug|Any CPU
		{9A8DB65C-2A8F-4B2C-AFF8-E68D5698EECB}.Debug|Any CPU.Build.0 = Debug|Any CPU
		{9A8DB65C-2A8F-4B2C-AFF8-E68D5698EECB}.Release|Any CPU.ActiveCfg = Release|Any CPU
		{9A8DB65C-2A8F-4B2C-AFF8-E68D5698EECB}.Release|Any CPU.Build.0 = Release|Any CPU
	EndGlobalSection
	GlobalSection(SolutionProperties) = preSolution
		HideSolutionNode = FALSE
	EndGlobalSection
	GlobalSection(ExtensibilityGlobals) = postSolution
		SolutionGuid = {803A535D-18A2-4950-95D9-837AB3DD41F3}
	EndGlobalSection
EndGlobal
